
Microsoft Visual Studio Solution File, Format Version 12.00
# Visual Studio Version 17
VisualStudioVersion = 17.3.32825.248
MinimumVisualStudioVersion = 10.0.40219.1
Project("{FAE04EC0-301F-11D3-BF4B-00C04F79EFBC}") = "Karkulka", "Karkulka\Karkulka.csproj", "{682C9DEE-4637-4494-BEB0-963908BF9D4E}"
EndProject
Global
	GlobalSection(SolutionConfigurationPlatforms) = preSolution
		Debug|Any CPU = Debug|Any CPU
		Release|Any CPU = Release|Any CPU
	EndGlobalSection
	GlobalSection(ProjectConfigurationPlatforms) = postSolution
		{682C9DEE-4637-4494-BEB0-963908BF9D4E}.Debug|Any CPU.ActiveCfg = Debug|Any CPU
		{682C9DEE-4637-4494-BEB0-963908BF9D4E}.Debug|Any CPU.Build.0 = Debug|Any CPU
		{682C9DEE-4637-4494-BEB0-963908BF9D4E}.Release|Any CPU.ActiveCfg = Release|Any CPU
		{682C9DEE-4637-4494-BEB0-963908BF9D4E}.Release|Any CPU.Build.0 = Release|Any CPU
	EndGlobalSection
	GlobalSection(SolutionProperties) = preSolution
		HideSolutionNode = FALSE
	EndGlobalSection
	GlobalSection(ExtensibilityGlobals) = postSolution
		SolutionGuid = {47C6A032-D8A2-4DBA-9C93-F6580A11E760}
	EndGlobalSection
EndGlobal
