
Microsoft Visual Studio Solution File, Format Version 12.00
# Visual Studio Version 17
VisualStudioVersion = 17.3.32825.248
MinimumVisualStudioVersion = 10.0.40219.1
Project("{FAE04EC0-301F-11D3-BF4B-00C04F79EFBC}") = "Dedicnost-test", "Dedicnost-test\Dedicnost-test.csproj", "{3C51EA07-E1BC-4ED9-85D4-0BE75E68488A}"
EndProject
Global
	GlobalSection(SolutionConfigurationPlatforms) = preSolution
		Debug|Any CPU = Debug|Any CPU
		Release|Any CPU = Release|Any CPU
	EndGlobalSection
	GlobalSection(ProjectConfigurationPlatforms) = postSolution
		{3C51EA07-E1BC-4ED9-85D4-0BE75E68488A}.Debug|Any CPU.ActiveCfg = Debug|Any CPU
		{3C51EA07-E1BC-4ED9-85D4-0BE75E68488A}.Debug|Any CPU.Build.0 = Debug|Any CPU
		{3C51EA07-E1BC-4ED9-85D4-0BE75E68488A}.Release|Any CPU.ActiveCfg = Release|Any CPU
		{3C51EA07-E1BC-4ED9-85D4-0BE75E68488A}.Release|Any CPU.Build.0 = Release|Any CPU
	EndGlobalSection
	GlobalSection(SolutionProperties) = preSolution
		HideSolutionNode = FALSE
	EndGlobalSection
	GlobalSection(ExtensibilityGlobals) = postSolution
		SolutionGuid = {B50B4348-89AE-4C4F-8FC7-3DAD0546B809}
	EndGlobalSection
EndGlobal
